
Microsoft Visual Studio Solution File, Format Version 12.00
# Visual Studio Version 17
VisualStudioVersion = 17.5.002.0
MinimumVisualStudioVersion = 10.0.40219.1
Project("{9A19103F-16F7-4668-BE54-9A1E7A4F7556}") = "Hanum.Pay", "Hanum.Pay.csproj", "{A72E3F0F-C46F-4AF7-A5D0-EC9B97925A02}"
EndProject
Global
	GlobalSection(SolutionConfigurationPlatforms) = preSolution
		Debug|Any CPU = Debug|Any CPU
		Release|Any CPU = Release|Any CPU
	EndGlobalSection
	GlobalSection(ProjectConfigurationPlatforms) = postSolution
		{A72E3F0F-C46F-4AF7-A5D0-EC9B97925A02}.Debug|Any CPU.ActiveCfg = Debug|Any CPU
		{A72E3F0F-C46F-4AF7-A5D0-EC9B97925A02}.Debug|Any CPU.Build.0 = Debug|Any CPU
		{A72E3F0F-C46F-4AF7-A5D0-EC9B97925A02}.Release|Any CPU.ActiveCfg = Release|Any CPU
		{A72E3F0F-C46F-4AF7-A5D0-EC9B97925A02}.Release|Any CPU.Build.0 = Release|Any CPU
	EndGlobalSection
	GlobalSection(SolutionProperties) = preSolution
		HideSolutionNode = FALSE
	EndGlobalSection
	GlobalSection(ExtensibilityGlobals) = postSolution
		SolutionGuid = {AE6D23A4-E6F7-49C5-B70A-80B590376F71}
	EndGlobalSection
EndGlobal
